{
    "version": 3,
    "terraform_version": "0.10.3",
    "serial": 5,
    "lineage": "e8721804-75d6-4b08-9b7e-aaf7aa19efa5",
    "modules": [
        {
            "path": [
                "root"
            ],
            "outputs": {},
            "resources": {
                "aws_instance.example": {
                    "type": "aws_instance",
                    "depends_on": [],
                    "primary": {
                        "id": "i-0ee6152d29bea83ad",
                        "attributes": {
                            "ami": "ami-a4c7edb2",
                            "associate_public_ip_address": "true",
                            "availability_zone": "us-east-1c",
                            "disable_api_termination": "false",
                            "ebs_block_device.#": "0",
                            "ebs_optimized": "false",
                            "ephemeral_block_device.#": "0",
                            "iam_instance_profile": "",
                            "id": "i-0ee6152d29bea83ad",
                            "instance_state": "running",
                            "instance_type": "t2.micro",
                            "ipv6_addresses.#": "0",
                            "key_name": "",
                            "monitoring": "false",
                            "network_interface.#": "0",
                            "network_interface_id": "eni-9cd48248",
                            "primary_network_interface_id": "eni-9cd48248",
                            "private_dns": "ip-172-31-0-197.ec2.internal",
                            "private_ip": "172.31.0.197",
                            "public_dns": "ec2-52-206-68-199.compute-1.amazonaws.com",
                            "public_ip": "52.206.68.199",
                            "root_block_device.#": "1",
                            "root_block_device.0.delete_on_termination": "true",
                            "root_block_device.0.iops": "100",
                            "root_block_device.0.volume_size": "8",
                            "root_block_device.0.volume_type": "gp2",
                            "security_groups.#": "0",
                            "source_dest_check": "true",
                            "subnet_id": "subnet-66b48c10",
                            "tags.%": "1",
                            "tags.Name": "terraform-example",
                            "tenancy": "default",
                            "user_data": "c568d7ab69d82c78e701afc29cd121cfde02ea18",
                            "volume_tags.%": "0",
                            "vpc_security_group_ids.#": "1",
                            "vpc_security_group_ids.2335313859": "sg-97680dec"
                        },
                        "meta": {
                            "e2bfb730-ecaa-11e6-8f88-34363bc7c4c0": {
                                "create": 600000000000,
                                "delete": 600000000000,
                                "update": 600000000000
                            },
                            "schema_version": "1"
                        },
                        "tainted": false
                    },
                    "deposed": [],
                    "provider": ""
                }
            },
            "depends_on": []
        }
    ]
}
